// !$*UTF8*$!
{
	archiveVersion = 1;
	classes = {
	};
	objectVersion = 56;
	objects = {

/* Begin PBXBuildFile section */
		663054D02C22F1C20012E9C3 /* WeathercheckApp.swift in Sources */ = {isa = PBXBuildFile; fileRef = 663054CF2C22F1C20012E9C3 /* WeathercheckApp.swift */; };
		663054D22C22F1C20012E9C3 /* ContentView.swift in Sources */ = {isa = PBXBuildFile; fileRef = 663054D12C22F1C20012E9C3 /* ContentView.swift */; };
		663054D42C22F1C40012E9C3 /* Assets.xcassets in Resources */ = {isa = PBXBuildFile; fileRef = 663054D32C22F1C40012E9C3 /* Assets.xcassets */; };
		663054D72C22F1C40012E9C3 /* Preview Assets.xcassets in Resources */ = {isa = PBXBuildFile; fileRef = 663054D62C22F1C40012E9C3 /* Preview Assets.xcassets */; };
		663054DE2C22F1F10012E9C3 /* LocationManager.swift in Sources */ = {isa = PBXBuildFile; fileRef = 663054DD2C22F1F10012E9C3 /* LocationManager.swift */; };
		663054E02C22F2110012E9C3 /* WeatherDataDownload.swift in Sources */ = {isa = PBXBuildFile; fileRef = 663054DF2C22F2110012E9C3 /* WeatherDataDownload.swift */; };
		663054E22C22F2250012E9C3 /* WeatherView.swift in Sources */ = {isa = PBXBuildFile; fileRef = 663054E12C22F2250012E9C3 /* WeatherView.swift */; };
		663054E42C22F2310012E9C3 /* WeatherDataModel.swift in Sources */ = {isa = PBXBuildFile; fileRef = 663054E32C22F2310012E9C3 /* WeatherDataModel.swift */; };
		663054E62C22F2400012E9C3 /* FirstView.swift in Sources */ = {isa = PBXBuildFile; fileRef = 663054E52C22F2400012E9C3 /* FirstView.swift */; };
/* End PBXBuildFile section */

/* Begin PBXFileReference section */
		663054CC2C22F1C20012E9C3 /* Weathercheck.app */ = {isa = PBXFileReference; explicitFileType = wrapper.application; includeInIndex = 0; path = Weathercheck.app; sourceTree = BUILT_PRODUCTS_DIR; };
		663054CF2C22F1C20012E9C3 /* WeathercheckApp.swift */ = {isa = PBXFileReference; lastKnownFileType = sourcecode.swift; path = WeathercheckApp.swift; sourceTree = "<group>"; };
		663054D12C22F1C20012E9C3 /* ContentView.swift */ = {isa = PBXFileReference; lastKnownFileType = sourcecode.swift; path = ContentView.swift; sourceTree = "<group>"; };
		663054D32C22F1C40012E9C3 /* Assets.xcassets */ = {isa = PBXFileReference; lastKnownFileType = folder.assetcatalog; path = Assets.xcassets; sourceTree = "<group>"; };
		663054D62C22F1C40012E9C3 /* Preview Assets.xcassets */ = {isa = PBXFileReference; lastKnownFileType = folder.assetcatalog; path = "Preview Assets.xcassets"; sourceTree = "<group>"; };
		663054DD2C22F1F10012E9C3 /* LocationManager.swift */ = {isa = PBXFileReference; lastKnownFileType = sourcecode.swift; path = LocationManager.swift; sourceTree = "<group>"; };
		663054DF2C22F2110012E9C3 /* WeatherDataDownload.swift */ = {isa = PBXFileReference; lastKnownFileType = sourcecode.swift; path = WeatherDataDownload.swift; sourceTree = "<group>"; };
		663054E12C22F2250012E9C3 /* WeatherView.swift */ = {isa = PBXFileReference; lastKnownFileType = sourcecode.swift; path = WeatherView.swift; sourceTree = "<group>"; };
		663054E32C22F2310012E9C3 /* WeatherDataModel.swift */ = {isa = PBXFileReference; lastKnownFileType = sourcecode.swift; path = WeatherDataModel.swift; sourceTree = "<group>"; };
		663054E52C22F2400012E9C3 /* FirstView.swift */ = {isa = PBXFileReference; lastKnownFileType = sourcecode.swift; path = FirstView.swift; sourceTree = "<group>"; };
/* End PBXFileReference section */

/* Begin PBXFrameworksBuildPhase section */
		663054C92C22F1C20012E9C3 /* Frameworks */ = {
			isa = PBXFrameworksBuildPhase;
			buildActionMask = 2147483647;
			files = (
			);
			runOnlyForDeploymentPostprocessing = 0;
		};
/* End PBXFrameworksBuildPhase section */

/* Begin PBXGroup section */
		663054C32C22F1C20012E9C3 = {
			isa = PBXGroup;
			children = (
				663054CE2C22F1C20012E9C3 /* Weathercheck */,
				663054CD2C22F1C20012E9C3 /* Products */,
			);
			sourceTree = "<group>";
		};
		663054CD2C22F1C20012E9C3 /* Products */ = {
			isa = PBXGroup;
			children = (
				663054CC2C22F1C20012E9C3 /* Weathercheck.app */,
			);
			name = Products;
			sourceTree = "<group>";
		};
		663054CE2C22F1C20012E9C3 /* Weathercheck */ = {
			isa = PBXGroup;
			children = (
				663054CF2C22F1C20012E9C3 /* WeathercheckApp.swift */,
				663054D12C22F1C20012E9C3 /* ContentView.swift */,
				663054D32C22F1C40012E9C3 /* Assets.xcassets */,
				663054D52C22F1C40012E9C3 /* Preview Content */,
				663054DD2C22F1F10012E9C3 /* LocationManager.swift */,
				663054DF2C22F2110012E9C3 /* WeatherDataDownload.swift */,
				663054E12C22F2250012E9C3 /* WeatherView.swift */,
				663054E32C22F2310012E9C3 /* WeatherDataModel.swift */,
				663054E52C22F2400012E9C3 /* FirstView.swift */,
			);
			path = Weathercheck;
			sourceTree = "<group>";
		};
		663054D52C22F1C40012E9C3 /* Preview Content */ = {
			isa = PBXGroup;
			children = (
				663054D62C22F1C40012E9C3 /* Preview Assets.xcassets */,
			);
			path = "Preview Content";
			sourceTree = "<group>";
		};
/* End PBXGroup section */

/* Begin PBXNativeTarget section */
		663054CB2C22F1C20012E9C3 /* Weathercheck */ = {
			isa = PBXNativeTarget;
			buildConfigurationList = 663054DA2C22F1C40012E9C3 /* Build configuration list for PBXNativeTarget "Weathercheck" */;
			buildPhases = (
				663054C82C22F1C20012E9C3 /* Sources */,
				663054C92C22F1C20012E9C3 /* Frameworks */,
				663054CA2C22F1C20012E9C3 /* Resources */,
			);
			buildRules = (
			);
			dependencies = (
			);
			name = Weathercheck;
			productName = Weathercheck;
			productReference = 663054CC2C22F1C20012E9C3 /* Weathercheck.app */;
			productType = "com.apple.product-type.application";
		};
/* End PBXNativeTarget section */

/* Begin PBXProject section */
		663054C42C22F1C20012E9C3 /* Project object */ = {
			isa = PBXProject;
			attributes = {
				BuildIndependentTargetsInParallel = 1;
				LastSwiftUpdateCheck = 1530;
				LastUpgradeCheck = 1530;
				TargetAttributes = {
					663054CB2C22F1C20012E9C3 = {
						CreatedOnToolsVersion = 15.3;
					};
				};
			};
			buildConfigurationList = 663054C72C22F1C20012E9C3 /* Build configuration list for PBXProject "Weathercheck" */;
			compatibilityVersion = "Xcode 14.0";
			developmentRegion = en;
			hasScannedForEncodings = 0;
			knownRegions = (
				en,
				Base,
			);
			mainGroup = 663054C32C22F1C20012E9C3;
			productRefGroup = 663054CD2C22F1C20012E9C3 /* Products */;
			projectDirPath = "";
			projectRoot = "";
			targets = (
				663054CB2C22F1C20012E9C3 /* Weathercheck */,
			);
		};
/* End PBXProject section */

/* Begin PBXResourcesBuildPhase section */
		663054CA2C22F1C20012E9C3 /* Resources */ = {
			isa = PBXResourcesBuildPhase;
			buildActionMask = 2147483647;
			files = (
				663054D72C22F1C40012E9C3 /* Preview Assets.xcassets in Resources */,
				663054D42C22F1C40012E9C3 /* Assets.xcassets in Resources */,
			);
			runOnlyForDeploymentPostprocessing = 0;
		};
/* End PBXResourcesBuildPhase section */

/* Begin PBXSourcesBuildPhase section */
		663054C82C22F1C20012E9C3 /* Sources */ = {
			isa = PBXSourcesBuildPhase;
			buildActionMask = 2147483647;
			files = (
				663054E62C22F2400012E9C3 /* FirstView.swift in Sources */,
				663054E22C22F2250012E9C3 /* WeatherView.swift in Sources */,
				663054D22C22F1C20012E9C3 /* ContentView.swift in Sources */,
				663054E42C22F2310012E9C3 /* WeatherDataModel.swift in Sources */,
				663054D02C22F1C20012E9C3 /* WeathercheckApp.swift in Sources */,
				663054E02C22F2110012E9C3 /* WeatherDataDownload.swift in Sources */,
				663054DE2C22F1F10012E9C3 /* LocationManager.swift in Sources */,
			);
			runOnlyForDeploymentPostprocessing = 0;
		};
/* End PBXSourcesBuildPhase section */

/* Begin XCBuildConfiguration section */
		663054D82C22F1C40012E9C3 /* Debug */ = {
			isa = XCBuildConfiguration;
			buildSettings = {
				ALWAYS_SEARCH_USER_PATHS = NO;
				ASSETCATALOG_COMPILER_GENERATE_SWIFT_ASSET_SYMBOL_EXTENSIONS = YES;
				CLANG_ANALYZER_NONNULL = YES;
				CLANG_ANALYZER_NUMBER_OBJECT_CONVERSION = YES_AGGRESSIVE;
				CLANG_CXX_LANGUAGE_STANDARD = "gnu++20";
				CLANG_ENABLE_MODULES = YES;
				CLANG_ENABLE_OBJC_ARC = YES;
				CLANG_ENABLE_OBJC_WEAK = YES;
				CLANG_WARN_BLOCK_CAPTURE_AUTORELEASING = YES;
				CLANG_WARN_BOOL_CONVERSION = YES;
				CLANG_WARN_COMMA = YES;
				CLANG_WARN_CONSTANT_CONVERSION = YES;
				CLANG_WARN_DEPRECATED_OBJC_IMPLEMENTATIONS = YES;
				CLANG_WARN_DIRECT_OBJC_ISA_USAGE = YES_ERROR;
				CLANG_WARN_DOCUMENTATION_COMMENTS = YES;
				CLANG_WARN_EMPTY_BODY = YES;
				CLANG_WARN_ENUM_CONVERSION = YES;
				CLANG_WARN_INFINITE_RECURSION = YES;
				CLANG_WARN_INT_CONVERSION = YES;
				CLANG_WARN_NON_LITERAL_NULL_CONVERSION = YES;
				CLANG_WARN_OBJC_IMPLICIT_RETAIN_SELF = YES;
				CLANG_WARN_OBJC_LITERAL_CONVERSION = YES;
				CLANG_WARN_OBJC_ROOT_CLASS = YES_ERROR;
				CLANG_WARN_QUOTED_INCLUDE_IN_FRAMEWORK_HEADER = YES;
				CLANG_WARN_RANGE_LOOP_ANALYSIS = YES;
				CLANG_WARN_STRICT_PROTOTYPES = YES;
				CLANG_WARN_SUSPICIOUS_MOVE = YES;
				CLANG_WARN_UNGUARDED_AVAILABILITY = YES_AGGRESSIVE;
				CLANG_WARN_UNREACHABLE_CODE = YES;
				CLANG_WARN__DUPLICATE_METHOD_MATCH = YES;
				COPY_PHASE_STRIP = NO;
				DEBUG_INFORMATION_FORMAT = dwarf;
				ENABLE_STRICT_OBJC_MSGSEND = YES;
				ENABLE_TESTABILITY = YES;
				ENABLE_USER_SCRIPT_SANDBOXING = YES;
				GCC_C_LANGUAGE_STANDARD = gnu17;
				GCC_DYNAMIC_NO_PIC = NO;
				GCC_NO_COMMON_BLOCKS = YES;
				GCC_OPTIMIZATION_LEVEL = 0;
				GCC_PREPROCESSOR_DEFINITIONS = (
					"DEBUG=1",
					"$(inherited)",
				);
				GCC_WARN_64_TO_32_BIT_CONVERSION = YES;
				GCC_WARN_ABOUT_RETURN_TYPE = YES_ERROR;
				GCC_WARN_UNDECLARED_SELECTOR = YES;
				GCC_WARN_UNINITIALIZED_AUTOS = YES_AGGRESSIVE;
				GCC_WARN_UNUSED_FUNCTION = YES;
				GCC_WARN_UNUSED_VARIABLE = YES;
				IPHONEOS_DEPLOYMENT_TARGET = 17.4;
				LOCALIZATION_PREFERS_STRING_CATALOGS = YES;
				MTL_ENABLE_DEBUG_INFO = INCLUDE_SOURCE;
				MTL_FAST_MATH = YES;
				ONLY_ACTIVE_ARCH = YES;
				SDKROOT = iphoneos;
				SWIFT_ACTIVE_COMPILATION_CONDITIONS = "DEBUG $(inherited)";
				SWIFT_OPTIMIZATION_LEVEL = "-Onone";
			};
			name = Debug;
		};
		663054D92C22F1C40012E9C3 /* Release */ = {
			isa = XCBuildConfiguration;
			buildSettings = {
				ALWAYS_SEARCH_USER_PATHS = NO;
				ASSETCATALOG_COMPILER_GENERATE_SWIFT_ASSET_SYMBOL_EXTENSIONS = YES;
				CLANG_ANALYZER_NONNULL = YES;
				CLANG_ANALYZER_NUMBER_OBJECT_CONVERSION = YES_AGGRESSIVE;
				CLANG_CXX_LANGUAGE_STANDARD = "gnu++20";
				CLANG_ENABLE_MODULES = YES;
				CLANG_ENABLE_OBJC_ARC = YES;
				CLANG_ENABLE_OBJC_WEAK = YES;
				CLANG_WARN_BLOCK_CAPTURE_AUTORELEASING = YES;
				CLANG_WARN_BOOL_CONVERSION = YES;
				CLANG_WARN_COMMA = YES;
				CLANG_WARN_CONSTANT_CONVERSION = YES;
				CLANG_WARN_DEPRECATED_OBJC_IMPLEMENTATIONS = YES;
				CLANG_WARN_DIRECT_OBJC_ISA_USAGE = YES_ERROR;
				CLANG_WARN_DOCUMENTATION_COMMENTS = YES;
				CLANG_WARN_EMPTY_BODY = YES;
				CLANG_WARN_ENUM_CONVERSION = YES;
				CLANG_WARN_INFINITE_RECURSION = YES;
				CLANG_WARN_INT_CONVERSION = YES;
				CLANG_WARN_NON_LITERAL_NULL_CONVERSION = YES;
				CLANG_WARN_OBJC_IMPLICIT_RETAIN_SELF = YES;
				CLANG_WARN_OBJC_LITERAL_CONVERSION = YES;
				CLANG_WARN_OBJC_ROOT_CLASS = YES_ERROR;
				CLANG_WARN_QUOTED_INCLUDE_IN_FRAMEWORK_HEADER = YES;
				CLANG_WARN_RANGE_LOOP_ANALYSIS = YES;
				CLANG_WARN_STRICT_PROTOTYPES = YES;
				CLANG_WARN_SUSPICIOUS_MOVE = YES;
				CLANG_WARN_UNGUARDED_AVAILABILITY = YES_AGGRESSIVE;
				CLANG_WARN_UNREACHABLE_CODE = YES;
				CLANG_WARN__DUPLICATE_METHOD_MATCH = YES;
				COPY_PHASE_STRIP = NO;
				DEBUG_INFORMATION_FORMAT = "dwarf-with-dsym";
				ENABLE_NS_ASSERTIONS = NO;
				ENABLE_STRICT_OBJC_MSGSEND = YES;
				ENABLE_USER_SCRIPT_SANDBOXING = YES;
				GCC_C_LANGUAGE_STANDARD = gnu17;
				GCC_NO_COMMON_BLOCKS = YES;
				GCC_WARN_64_TO_32_BIT_CONVERSION = YES;
				GCC_WARN_ABOUT_RETURN_TYPE = YES_ERROR;
				GCC_WARN_UNDECLARED_SELECTOR = YES;
				GCC_WARN_UNINITIALIZED_AUTOS = YES_AGGRESSIVE;
				GCC_WARN_UNUSED_FUNCTION = YES;
				GCC_WARN_UNUSED_VARIABLE = YES;
				IPHONEOS_DEPLOYMENT_TARGET = 17.4;
				LOCALIZATION_PREFERS_STRING_CATALOGS = YES;
				MTL_ENABLE_DEBUG_INFO = NO;
				MTL_FAST_MATH = YES;
				SDKROOT = iphoneos;
				SWIFT_COMPILATION_MODE = wholemodule;
				VALIDATE_PRODUCT = YES;
			};
			name = Release;
		};
		663054DB2C22F1C40012E9C3 /* Debug */ = {
			isa = XCBuildConfiguration;
			buildSettings = {
				ASSETCATALOG_COMPILER_APPICON_NAME = AppIcon;
				ASSETCATALOG_COMPILER_GLOBAL_ACCENT_COLOR_NAME = AccentColor;
				CODE_SIGN_STYLE = Automatic;
				CURRENT_PROJECT_VERSION = 1;
				DEVELOPMENT_ASSET_PATHS = "\"Weathercheck/Preview Content\"";
				DEVELOPMENT_TEAM = J64ZKSUBG5;
				ENABLE_PREVIEWS = YES;
				GENERATE_INFOPLIST_FILE = YES;
				INFOPLIST_KEY_UIApplicationSceneManifest_Generation = YES;
				INFOPLIST_KEY_UIApplicationSupportsIndirectInputEvents = YES;
				INFOPLIST_KEY_UILaunchScreen_Generation = YES;
				INFOPLIST_KEY_UISupportedInterfaceOrientations_iPad = "UIInterfaceOrientationPortrait UIInterfaceOrientationPortraitUpsideDown UIInterfaceOrientationLandscapeLeft UIInterfaceOrientationLandscapeRight";
				INFOPLIST_KEY_UISupportedInterfaceOrientations_iPhone = "UIInterfaceOrientationPortrait UIInterfaceOrientationLandscapeLeft UIInterfaceOrientationLandscapeRight";
				LD_RUNPATH_SEARCH_PATHS = (
					"$(inherited)",
					"@executable_path/Frameworks",
				);
				MARKETING_VERSION = 1.0;
				PRODUCT_BUNDLE_IDENTIFIER = com.hello.Weathercheck;
				PRODUCT_NAME = "$(TARGET_NAME)";
				SWIFT_EMIT_LOC_STRINGS = YES;
				SWIFT_VERSION = 5.0;
				TARGETED_DEVICE_FAMILY = "1,2";
			};
			name = Debug;
		};
		663054DC2C22F1C40012E9C3 /* Release */ = {
			isa = XCBuildConfiguration;
			buildSettings = {
				ASSETCATALOG_COMPILER_APPICON_NAME = AppIcon;
				ASSETCATALOG_COMPILER_GLOBAL_ACCENT_COLOR_NAME = AccentColor;
				CODE_SIGN_STYLE = Automatic;
				CURRENT_PROJECT_VERSION = 1;
				DEVELOPMENT_ASSET_PATHS = "\"Weathercheck/Preview Content\"";
				DEVELOPMENT_TEAM = J64ZKSUBG5;
				ENABLE_PREVIEWS = YES;
				GENERATE_INFOPLIST_FILE = YES;
				INFOPLIST_KEY_UIApplicationSceneManifest_Generation = YES;
				INFOPLIST_KEY_UIApplicationSupportsIndirectInputEvents = YES;
				INFOPLIST_KEY_UILaunchScreen_Generation = YES;
				INFOPLIST_KEY_UISupportedInterfaceOrientations_iPad = "UIInterfaceOrientationPortrait UIInterfaceOrientationPortraitUpsideDown UIInterfaceOrientationLandscapeLeft UIInterfaceOrientationLandscapeRight";
				INFOPLIST_KEY_UISupportedInterfaceOrientations_iPhone = "UIInterfaceOrientationPortrait UIInterfaceOrientationLandscapeLeft UIInterfaceOrientationLandscapeRight";
				LD_RUNPATH_SEARCH_PATHS = (
					"$(inherited)",
					"@executable_path/Frameworks",
				);
				MARKETING_VERSION = 1.0;
				PRODUCT_BUNDLE_IDENTIFIER = com.hello.Weathercheck;
				PRODUCT_NAME = "$(TARGET_NAME)";
				SWIFT_EMIT_LOC_STRINGS = YES;
				SWIFT_VERSION = 5.0;
				TARGETED_DEVICE_FAMILY = "1,2";
			};
			name = Release;
		};
/* End XCBuildConfiguration section */

/* Begin XCConfigurationList section */
		663054C72C22F1C20012E9C3 /* Build configuration list for PBXProject "Weathercheck" */ = {
			isa = XCConfigurationList;
			buildConfigurations = (
				663054D82C22F1C40012E9C3 /* Debug */,
				663054D92C22F1C40012E9C3 /* Release */,
			);
			defaultConfigurationIsVisible = 0;
			defaultConfigurationName = Release;
		};
		663054DA2C22F1C40012E9C3 /* Build configuration list for PBXNativeTarget "Weathercheck" */ = {
			isa = XCConfigurationList;
			buildConfigurations = (
				663054DB2C22F1C40012E9C3 /* Debug */,
				663054DC2C22F1C40012E9C3 /* Release */,
			);
			defaultConfigurationIsVisible = 0;
			defaultConfigurationName = Release;
		};
/* End XCConfigurationList section */
	};
	rootObject = 663054C42C22F1C20012E9C3 /* Project object */;
}
